// !$*UTF8*$!
{
	archiveVersion = 1;
	classes = {
	};
	objectVersion = 50;
	objects = {

/* Begin PBXBuildFile section */
		818FBD7535693E27FB0FB997 /* Pods_TestTravisCIUITests.framework in Frameworks */ = {isa = PBXBuildFile; fileRef = D7EE3D0F566D2AFBDD808E49 /* Pods_TestTravisCIUITests.framework */; };
		9298320B432F05A65D99E40B /* Pods_TestTravisCITests.framework in Frameworks */ = {isa = PBXBuildFile; fileRef = 825350DC07F25CC11A4405D3 /* Pods_TestTravisCITests.framework */; };
		B5CB5B0F4ADB7EA4166FC9F7 /* Pods_TestTravisCI.framework in Frameworks */ = {isa = PBXBuildFile; fileRef = 41E28E8A3CE317B2E8DD7C00 /* Pods_TestTravisCI.framework */; };
		CB25E1C021F1835E004FAB01 /* AppDelegate.swift in Sources */ = {isa = PBXBuildFile; fileRef = CB25E1BF21F1835E004FAB01 /* AppDelegate.swift */; };
		CB25E1C221F1835E004FAB01 /* ViewController.swift in Sources */ = {isa = PBXBuildFile; fileRef = CB25E1C121F1835E004FAB01 /* ViewController.swift */; };
		CB25E1C521F1835E004FAB01 /* Main.storyboard in Resources */ = {isa = PBXBuildFile; fileRef = CB25E1C321F1835E004FAB01 /* Main.storyboard */; };
		CB25E1C821F1835E004FAB01 /* TestTravisCI.xcdatamodeld in Sources */ = {isa = PBXBuildFile; fileRef = CB25E1C621F1835E004FAB01 /* TestTravisCI.xcdatamodeld */; };
		CB25E1CA21F18360004FAB01 /* Assets.xcassets in Resources */ = {isa = PBXBuildFile; fileRef = CB25E1C921F18360004FAB01 /* Assets.xcassets */; };
		CB25E1CD21F18360004FAB01 /* LaunchScreen.storyboard in Resources */ = {isa = PBXBuildFile; fileRef = CB25E1CB21F18360004FAB01 /* LaunchScreen.storyboard */; };
		CB25E1D821F18361004FAB01 /* TestTravisCITests.swift in Sources */ = {isa = PBXBuildFile; fileRef = CB25E1D721F18361004FAB01 /* TestTravisCITests.swift */; };
		CB25E1E321F18361004FAB01 /* TestTravisCIUITests.swift in Sources */ = {isa = PBXBuildFile; fileRef = CB25E1E221F18361004FAB01 /* TestTravisCIUITests.swift */; };
/* End PBXBuildFile section */

/* Begin PBXContainerItemProxy section */
		CB25E1D421F18361004FAB01 /* PBXContainerItemProxy */ = {
			isa = PBXContainerItemProxy;
			containerPortal = CB25E1B421F1835E004FAB01 /* Project object */;
			proxyType = 1;
			remoteGlobalIDString = CB25E1BB21F1835E004FAB01;
			remoteInfo = TestTravisCI;
		};
		CB25E1DF21F18361004FAB01 /* PBXContainerItemProxy */ = {
			isa = PBXContainerItemProxy;
			containerPortal = CB25E1B421F1835E004FAB01 /* Project object */;
			proxyType = 1;
			remoteGlobalIDString = CB25E1BB21F1835E004FAB01;
			remoteInfo = TestTravisCI;
		};
/* End PBXContainerItemProxy section */

/* Begin PBXFileReference section */
		41E28E8A3CE317B2E8DD7C00 /* Pods_TestTravisCI.framework */ = {isa = PBXFileReference; explicitFileType = wrapper.framework; includeInIndex = 0; path = Pods_TestTravisCI.framework; sourceTree = BUILT_PRODUCTS_DIR; };
		825350DC07F25CC11A4405D3 /* Pods_TestTravisCITests.framework */ = {isa = PBXFileReference; explicitFileType = wrapper.framework; includeInIndex = 0; path = Pods_TestTravisCITests.framework; sourceTree = BUILT_PRODUCTS_DIR; };
		85BB95AABB3EBE3354683584 /* Pods-TestTravisCI.debug.xcconfig */ = {isa = PBXFileReference; includeInIndex = 1; lastKnownFileType = text.xcconfig; name = "Pods-TestTravisCI.debug.xcconfig"; path = "Pods/Target Support Files/Pods-TestTravisCI/Pods-TestTravisCI.debug.xcconfig"; sourceTree = "<group>"; };
		ACEAB1FBF2CD6AA199072FCC /* Pods-TestTravisCIUITests.release.xcconfig */ = {isa = PBXFileReference; includeInIndex = 1; lastKnownFileType = text.xcconfig; name = "Pods-TestTravisCIUITests.release.xcconfig"; path = "Pods/Target Support Files/Pods-TestTravisCIUITests/Pods-TestTravisCIUITests.release.xcconfig"; sourceTree = "<group>"; };
		C89A86FBB4BCE3E117A65DE3 /* Pods-TestTravisCI.release.xcconfig */ = {isa = PBXFileReference; includeInIndex = 1; lastKnownFileType = text.xcconfig; name = "Pods-TestTravisCI.release.xcconfig"; path = "Pods/Target Support Files/Pods-TestTravisCI/Pods-TestTravisCI.release.xcconfig"; sourceTree = "<group>"; };
		CB25E1BC21F1835E004FAB01 /* TestTravisCI.app */ = {isa = PBXFileReference; explicitFileType = wrapper.application; includeInIndex = 0; path = TestTravisCI.app; sourceTree = BUILT_PRODUCTS_DIR; };
		CB25E1BF21F1835E004FAB01 /* AppDelegate.swift */ = {isa = PBXFileReference; lastKnownFileType = sourcecode.swift; path = AppDelegate.swift; sourceTree = "<group>"; };
		CB25E1C121F1835E004FAB01 /* ViewController.swift */ = {isa = PBXFileReference; lastKnownFileType = sourcecode.swift; path = ViewController.swift; sourceTree = "<group>"; };
		CB25E1C421F1835E004FAB01 /* Base */ = {isa = PBXFileReference; lastKnownFileType = file.storyboard; name = Base; path = Base.lproj/Main.storyboard; sourceTree = "<group>"; };
		CB25E1C721F1835E004FAB01 /* TestTravisCI.xcdatamodel */ = {isa = PBXFileReference; lastKnownFileType = wrapper.xcdatamodel; path = TestTravisCI.xcdatamodel; sourceTree = "<group>"; };
		CB25E1C921F18360004FAB01 /* Assets.xcassets */ = {isa = PBXFileReference; lastKnownFileType = folder.assetcatalog; path = Assets.xcassets; sourceTree = "<group>"; };
		CB25E1CC21F18360004FAB01 /* Base */ = {isa = PBXFileReference; lastKnownFileType = file.storyboard; name = Base; path = Base.lproj/LaunchScreen.storyboard; sourceTree = "<group>"; };
		CB25E1CE21F18360004FAB01 /* Info.plist */ = {isa = PBXFileReference; lastKnownFileType = text.plist.xml; path = Info.plist; sourceTree = "<group>"; };
		CB25E1D321F18361004FAB01 /* TestTravisCITests.xctest */ = {isa = PBXFileReference; explicitFileType = wrapper.cfbundle; includeInIndex = 0; path = TestTravisCITests.xctest; sourceTree = BUILT_PRODUCTS_DIR; };
		CB25E1D721F18361004FAB01 /* TestTravisCITests.swift */ = {isa = PBXFileReference; lastKnownFileType = sourcecode.swift; path = TestTravisCITests.swift; sourceTree = "<group>"; };
		CB25E1D921F18361004FAB01 /* Info.plist */ = {isa = PBXFileReference; lastKnownFileType = text.plist.xml; path = Info.plist; sourceTree = "<group>"; };
		CB25E1DE21F18361004FAB01 /* TestTravisCIUITests.xctest */ = {isa = PBXFileReference; explicitFileType = wrapper.cfbundle; includeInIndex = 0; path = TestTravisCIUITests.xctest; sourceTree = BUILT_PRODUCTS_DIR; };
		CB25E1E221F18361004FAB01 /* TestTravisCIUITests.swift */ = {isa = PBXFileReference; lastKnownFileType = sourcecode.swift; path = TestTravisCIUITests.swift; sourceTree = "<group>"; };
		CB25E1E421F18361004FAB01 /* Info.plist */ = {isa = PBXFileReference; lastKnownFileType = text.plist.xml; path = Info.plist; sourceTree = "<group>"; };
		D6EDDE8916F142A8FF920FE9 /* Pods-TestTravisCIUITests.debug.xcconfig */ = {isa = PBXFileReference; includeInIndex = 1; lastKnownFileType = text.xcconfig; name = "Pods-TestTravisCIUITests.debug.xcconfig"; path = "Pods/Target Support Files/Pods-TestTravisCIUITests/Pods-TestTravisCIUITests.debug.xcconfig"; sourceTree = "<group>"; };
		D7EE3D0F566D2AFBDD808E49 /* Pods_TestTravisCIUITests.framework */ = {isa = PBXFileReference; explicitFileType = wrapper.framework; includeInIndex = 0; path = Pods_TestTravisCIUITests.framework; sourceTree = BUILT_PRODUCTS_DIR; };
		EBD412B93113DCD4158A37B4 /* Pods-TestTravisCITests.debug.xcconfig */ = {isa = PBXFileReference; includeInIndex = 1; lastKnownFileType = text.xcconfig; name = "Pods-TestTravisCITests.debug.xcconfig"; path = "Pods/Target Support Files/Pods-TestTravisCITests/Pods-TestTravisCITests.debug.xcconfig"; sourceTree = "<group>"; };
		FF162DB7675311484CB1F238 /* Pods-TestTravisCITests.release.xcconfig */ = {isa = PBXFileReference; includeInIndex = 1; lastKnownFileType = text.xcconfig; name = "Pods-TestTravisCITests.release.xcconfig"; path = "Pods/Target Support Files/Pods-TestTravisCITests/Pods-TestTravisCITests.release.xcconfig"; sourceTree = "<group>"; };
/* End PBXFileReference section */

/* Begin PBXFrameworksBuildPhase section */
		CB25E1B921F1835E004FAB01 /* Frameworks */ = {
			isa = PBXFrameworksBuildPhase;
			buildActionMask = 2147483647;
			files = (
				B5CB5B0F4ADB7EA4166FC9F7 /* Pods_TestTravisCI.framework in Frameworks */,
			);
			runOnlyForDeploymentPostprocessing = 0;
		};
		CB25E1D021F18361004FAB01 /* Frameworks */ = {
			isa = PBXFrameworksBuildPhase;
			buildActionMask = 2147483647;
			files = (
				9298320B432F05A65D99E40B /* Pods_TestTravisCITests.framework in Frameworks */,
			);
			runOnlyForDeploymentPostprocessing = 0;
		};
		CB25E1DB21F18361004FAB01 /* Frameworks */ = {
			isa = PBXFrameworksBuildPhase;
			buildActionMask = 2147483647;
			files = (
				818FBD7535693E27FB0FB997 /* Pods_TestTravisCIUITests.framework in Frameworks */,
			);
			runOnlyForDeploymentPostprocessing = 0;
		};
/* End PBXFrameworksBuildPhase section */

/* Begin PBXGroup section */
		4F4B4F05ECDD89B1BA1A828A /* Pods */ = {
			isa = PBXGroup;
			children = (
				85BB95AABB3EBE3354683584 /* Pods-TestTravisCI.debug.xcconfig */,
				C89A86FBB4BCE3E117A65DE3 /* Pods-TestTravisCI.release.xcconfig */,
				EBD412B93113DCD4158A37B4 /* Pods-TestTravisCITests.debug.xcconfig */,
				FF162DB7675311484CB1F238 /* Pods-TestTravisCITests.release.xcconfig */,
				D6EDDE8916F142A8FF920FE9 /* Pods-TestTravisCIUITests.debug.xcconfig */,
				ACEAB1FBF2CD6AA199072FCC /* Pods-TestTravisCIUITests.release.xcconfig */,
			);
			name = Pods;
			sourceTree = "<group>";
		};
		AFE4F76144D2438056EA79CF /* Frameworks */ = {
			isa = PBXGroup;
			children = (
				41E28E8A3CE317B2E8DD7C00 /* Pods_TestTravisCI.framework */,
				825350DC07F25CC11A4405D3 /* Pods_TestTravisCITests.framework */,
				D7EE3D0F566D2AFBDD808E49 /* Pods_TestTravisCIUITests.framework */,
			);
			name = Frameworks;
			sourceTree = "<group>";
		};
		CB25E1B321F1835E004FAB01 = {
			isa = PBXGroup;
			children = (
				CB25E1BE21F1835E004FAB01 /* TestTravisCI */,
				CB25E1D621F18361004FAB01 /* TestTravisCITests */,
				CB25E1E121F18361004FAB01 /* TestTravisCIUITests */,
				CB25E1BD21F1835E004FAB01 /* Products */,
				4F4B4F05ECDD89B1BA1A828A /* Pods */,
				AFE4F76144D2438056EA79CF /* Frameworks */,
			);
			sourceTree = "<group>";
		};
		CB25E1BD21F1835E004FAB01 /* Products */ = {
			isa = PBXGroup;
			children = (
				CB25E1BC21F1835E004FAB01 /* TestTravisCI.app */,
				CB25E1D321F18361004FAB01 /* TestTravisCITests.xctest */,
				CB25E1DE21F18361004FAB01 /* TestTravisCIUITests.xctest */,
			);
			name = Products;
			sourceTree = "<group>";
		};
		CB25E1BE21F1835E004FAB01 /* TestTravisCI */ = {
			isa = PBXGroup;
			children = (
				CB25E1BF21F1835E004FAB01 /* AppDelegate.swift */,
				CB25E1C121F1835E004FAB01 /* ViewController.swift */,
				CB25E1C321F1835E004FAB01 /* Main.storyboard */,
				CB25E1C921F18360004FAB01 /* Assets.xcassets */,
				CB25E1CB21F18360004FAB01 /* LaunchScreen.storyboard */,
				CB25E1CE21F18360004FAB01 /* Info.plist */,
				CB25E1C621F1835E004FAB01 /* TestTravisCI.xcdatamodeld */,
			);
			path = TestTravisCI;
			sourceTree = "<group>";
		};
		CB25E1D621F18361004FAB01 /* TestTravisCITests */ = {
			isa = PBXGroup;
			children = (
				CB25E1D721F18361004FAB01 /* TestTravisCITests.swift */,
				CB25E1D921F18361004FAB01 /* Info.plist */,
			);
			path = TestTravisCITests;
			sourceTree = "<group>";
		};
		CB25E1E121F18361004FAB01 /* TestTravisCIUITests */ = {
			isa = PBXGroup;
			children = (
				CB25E1E221F18361004FAB01 /* TestTravisCIUITests.swift */,
				CB25E1E421F18361004FAB01 /* Info.plist */,
			);
			path = TestTravisCIUITests;
			sourceTree = "<group>";
		};
/* End PBXGroup section */

/* Begin PBXNativeTarget section */
		CB25E1BB21F1835E004FAB01 /* TestTravisCI */ = {
			isa = PBXNativeTarget;
			buildConfigurationList = CB25E1E721F18361004FAB01 /* Build configuration list for PBXNativeTarget "TestTravisCI" */;
			buildPhases = (
				8A6870A75E7BCBCC1F902D7B /* [CP] Check Pods Manifest.lock */,
				CB25E1B821F1835E004FAB01 /* Sources */,
				CB25E1B921F1835E004FAB01 /* Frameworks */,
				CB25E1BA21F1835E004FAB01 /* Resources */,
			);
			buildRules = (
			);
			dependencies = (
			);
			name = TestTravisCI;
			productName = TestTravisCI;
			productReference = CB25E1BC21F1835E004FAB01 /* TestTravisCI.app */;
			productType = "com.apple.product-type.application";
		};
		CB25E1D221F18361004FAB01 /* TestTravisCITests */ = {
			isa = PBXNativeTarget;
			buildConfigurationList = CB25E1EA21F18361004FAB01 /* Build configuration list for PBXNativeTarget "TestTravisCITests" */;
			buildPhases = (
				83CD2ED06BF2B062BCD2D4F6 /* [CP] Check Pods Manifest.lock */,
				CB25E1CF21F18361004FAB01 /* Sources */,
				CB25E1D021F18361004FAB01 /* Frameworks */,
				CB25E1D121F18361004FAB01 /* Resources */,
			);
			buildRules = (
			);
			dependencies = (
				CB25E1D521F18361004FAB01 /* PBXTargetDependency */,
			);
			name = TestTravisCITests;
			productName = TestTravisCITests;
			productReference = CB25E1D321F18361004FAB01 /* TestTravisCITests.xctest */;
			productType = "com.apple.product-type.bundle.unit-test";
		};
		CB25E1DD21F18361004FAB01 /* TestTravisCIUITests */ = {
			isa = PBXNativeTarget;
			buildConfigurationList = CB25E1ED21F18361004FAB01 /* Build configuration list for PBXNativeTarget "TestTravisCIUITests" */;
			buildPhases = (
				DA32D3461E50EDE757C724CE /* [CP] Check Pods Manifest.lock */,
				CB25E1DA21F18361004FAB01 /* Sources */,
				CB25E1DB21F18361004FAB01 /* Frameworks */,
				CB25E1DC21F18361004FAB01 /* Resources */,
			);
			buildRules = (
			);
			dependencies = (
				CB25E1E021F18361004FAB01 /* PBXTargetDependency */,
			);
			name = TestTravisCIUITests;
			productName = TestTravisCIUITests;
			productReference = CB25E1DE21F18361004FAB01 /* TestTravisCIUITests.xctest */;
			productType = "com.apple.product-type.bundle.ui-testing";
		};
/* End PBXNativeTarget section */

/* Begin PBXProject section */
		CB25E1B421F1835E004FAB01 /* Project object */ = {
			isa = PBXProject;
			attributes = {
				LastSwiftUpdateCheck = 1010;
				LastUpgradeCheck = 1010;
				ORGANIZATIONNAME = Charlie;
				TargetAttributes = {
					CB25E1BB21F1835E004FAB01 = {
						CreatedOnToolsVersion = 10.1;
					};
					CB25E1D221F18361004FAB01 = {
						CreatedOnToolsVersion = 10.1;
						TestTargetID = CB25E1BB21F1835E004FAB01;
					};
					CB25E1DD21F18361004FAB01 = {
						CreatedOnToolsVersion = 10.1;
						TestTargetID = CB25E1BB21F1835E004FAB01;
					};
				};
			};
			buildConfigurationList = CB25E1B721F1835E004FAB01 /* Build configuration list for PBXProject "TestTravisCI" */;
			compatibilityVersion = "Xcode 9.3";
			developmentRegion = en;
			hasScannedForEncodings = 0;
			knownRegions = (
				en,
				Base,
			);
			mainGroup = CB25E1B321F1835E004FAB01;
			productRefGroup = CB25E1BD21F1835E004FAB01 /* Products */;
			projectDirPath = "";
			projectRoot = "";
			targets = (
				CB25E1BB21F1835E004FAB01 /* TestTravisCI */,
				CB25E1D221F18361004FAB01 /* TestTravisCITests */,
				CB25E1DD21F18361004FAB01 /* TestTravisCIUITests */,
			);
		};
/* End PBXProject section */

/* Begin PBXResourcesBuildPhase section */
		CB25E1BA21F1835E004FAB01 /* Resources */ = {
			isa = PBXResourcesBuildPhase;
			buildActionMask = 2147483647;
			files = (
				CB25E1CD21F18360004FAB01 /* LaunchScreen.storyboard in Resources */,
				CB25E1CA21F18360004FAB01 /* Assets.xcassets in Resources */,
				CB25E1C521F1835E004FAB01 /* Main.storyboard in Resources */,
			);
			runOnlyForDeploymentPostprocessing = 0;
		};
		CB25E1D121F18361004FAB01 /* Resources */ = {
			isa = PBXResourcesBuildPhase;
			buildActionMask = 2147483647;
			files = (
			);
			runOnlyForDeploymentPostprocessing = 0;
		};
		CB25E1DC21F18361004FAB01 /* Resources */ = {
			isa = PBXResourcesBuildPhase;
			buildActionMask = 2147483647;
			files = (
			);
			runOnlyForDeploymentPostprocessing = 0;
		};
/* End PBXResourcesBuildPhase section */

/* Begin PBXShellScriptBuildPhase section */
		83CD2ED06BF2B062BCD2D4F6 /* [CP] Check Pods Manifest.lock */ = {
			isa = PBXShellScriptBuildPhase;
			buildActionMask = 2147483647;
			files = (
			);
			inputFileListPaths = (
			);
			inputPaths = (
				"${PODS_PODFILE_DIR_PATH}/Podfile.lock",
				"${PODS_ROOT}/Manifest.lock",
			);
			name = "[CP] Check Pods Manifest.lock";
			outputFileListPaths = (
			);
			outputPaths = (
				"$(DERIVED_FILE_DIR)/Pods-TestTravisCITests-checkManifestLockResult.txt",
			);
			runOnlyForDeploymentPostprocessing = 0;
			shellPath = /bin/sh;
			shellScript = "diff \"${PODS_PODFILE_DIR_PATH}/Podfile.lock\" \"${PODS_ROOT}/Manifest.lock\" > /dev/null\nif [ $? != 0 ] ; then\n    # print error to STDERR\n    echo \"error: The sandbox is not in sync with the Podfile.lock. Run 'pod install' or update your CocoaPods installation.\" >&2\n    exit 1\nfi\n# This output is used by Xcode 'outputs' to avoid re-running this script phase.\necho \"SUCCESS\" > \"${SCRIPT_OUTPUT_FILE_0}\"\n";
			showEnvVarsInLog = 0;
		};
		8A6870A75E7BCBCC1F902D7B /* [CP] Check Pods Manifest.lock */ = {
			isa = PBXShellScriptBuildPhase;
			buildActionMask = 2147483647;
			files = (
			);
			inputFileListPaths = (
			);
			inputPaths = (
				"${PODS_PODFILE_DIR_PATH}/Podfile.lock",
				"${PODS_ROOT}/Manifest.lock",
			);
			name = "[CP] Check Pods Manifest.lock";
			outputFileListPaths = (
			);
			outputPaths = (
				"$(DERIVED_FILE_DIR)/Pods-TestTravisCI-checkManifestLockResult.txt",
			);
			runOnlyForDeploymentPostprocessing = 0;
			shellPath = /bin/sh;
			shellScript = "diff \"${PODS_PODFILE_DIR_PATH}/Podfile.lock\" \"${PODS_ROOT}/Manifest.lock\" > /dev/null\nif [ $? != 0 ] ; then\n    # print error to STDERR\n    echo \"error: The sandbox is not in sync with the Podfile.lock. Run 'pod install' or update your CocoaPods installation.\" >&2\n    exit 1\nfi\n# This output is used by Xcode 'outputs' to avoid re-running this script phase.\necho \"SUCCESS\" > \"${SCRIPT_OUTPUT_FILE_0}\"\n";
			showEnvVarsInLog = 0;
		};
		DA32D3461E50EDE757C724CE /* [CP] Check Pods Manifest.lock */ = {
			isa = PBXShellScriptBuildPhase;
			buildActionMask = 2147483647;
			files = (
			);
			inputFileListPaths = (
			);
			inputPaths = (
				"${PODS_PODFILE_DIR_PATH}/Podfile.lock",
				"${PODS_ROOT}/Manifest.lock",
			);
			name = "[CP] Check Pods Manifest.lock";
			outputFileListPaths = (
			);
			outputPaths = (
				"$(DERIVED_FILE_DIR)/Pods-TestTravisCIUITests-checkManifestLockResult.txt",
			);
			runOnlyForDeploymentPostprocessing = 0;
			shellPath = /bin/sh;
			shellScript = "diff \"${PODS_PODFILE_DIR_PATH}/Podfile.lock\" \"${PODS_ROOT}/Manifest.lock\" > /dev/null\nif [ $? != 0 ] ; then\n    # print error to STDERR\n    echo \"error: The sandbox is not in sync with the Podfile.lock. Run 'pod install' or update your CocoaPods installation.\" >&2\n    exit 1\nfi\n# This output is used by Xcode 'outputs' to avoid re-running this script phase.\necho \"SUCCESS\" > \"${SCRIPT_OUTPUT_FILE_0}\"\n";
			showEnvVarsInLog = 0;
		};
/* End PBXShellScriptBuildPhase section */

/* Begin PBXSourcesBuildPhase section */
		CB25E1B821F1835E004FAB01 /* Sources */ = {
			isa = PBXSourcesBuildPhase;
			buildActionMask = 2147483647;
			files = (
				CB25E1C221F1835E004FAB01 /* ViewController.swift in Sources */,
				CB25E1C021F1835E004FAB01 /* AppDelegate.swift in Sources */,
				CB25E1C821F1835E004FAB01 /* TestTravisCI.xcdatamodeld in Sources */,
			);
			runOnlyForDeploymentPostprocessing = 0;
		};
		CB25E1CF21F18361004FAB01 /* Sources */ = {
			isa = PBXSourcesBuildPhase;
			buildActionMask = 2147483647;
			files = (
				CB25E1D821F18361004FAB01 /* TestTravisCITests.swift in Sources */,
			);
			runOnlyForDeploymentPostprocessing = 0;
		};
		CB25E1DA21F18361004FAB01 /* Sources */ = {
			isa = PBXSourcesBuildPhase;
			buildActionMask = 2147483647;
			files = (
				CB25E1E321F18361004FAB01 /* TestTravisCIUITests.swift in Sources */,
			);
			runOnlyForDeploymentPostprocessing = 0;
		};
/* End PBXSourcesBuildPhase section */

/* Begin PBXTargetDependency section */
		CB25E1D521F18361004FAB01 /* PBXTargetDependency */ = {
			isa = PBXTargetDependency;
			target = CB25E1BB21F1835E004FAB01 /* TestTravisCI */;
			targetProxy = CB25E1D421F18361004FAB01 /* PBXContainerItemProxy */;
		};
		CB25E1E021F18361004FAB01 /* PBXTargetDependency */ = {
			isa = PBXTargetDependency;
			target = CB25E1BB21F1835E004FAB01 /* TestTravisCI */;
			targetProxy = CB25E1DF21F18361004FAB01 /* PBXContainerItemProxy */;
		};
/* End PBXTargetDependency section */

/* Begin PBXVariantGroup section */
		CB25E1C321F1835E004FAB01 /* Main.storyboard */ = {
			isa = PBXVariantGroup;
			children = (
				CB25E1C421F1835E004FAB01 /* Base */,
			);
			name = Main.storyboard;
			sourceTree = "<group>";
		};
		CB25E1CB21F18360004FAB01 /* LaunchScreen.storyboard */ = {
			isa = PBXVariantGroup;
			children = (
				CB25E1CC21F18360004FAB01 /* Base */,
			);
			name = LaunchScreen.storyboard;
			sourceTree = "<group>";
		};
/* End PBXVariantGroup section */

/* Begin XCBuildConfiguration section */
		CB25E1E521F18361004FAB01 /* Debug */ = {
			isa = XCBuildConfiguration;
			buildSettings = {
				ALWAYS_SEARCH_USER_PATHS = NO;
				CLANG_ANALYZER_NONNULL = YES;
				CLANG_ANALYZER_NUMBER_OBJECT_CONVERSION = YES_AGGRESSIVE;
				CLANG_CXX_LANGUAGE_STANDARD = "gnu++14";
				CLANG_CXX_LIBRARY = "libc++";
				CLANG_ENABLE_MODULES = YES;
				CLANG_ENABLE_OBJC_ARC = YES;
				CLANG_ENABLE_OBJC_WEAK = YES;
				CLANG_WARN_BLOCK_CAPTURE_AUTORELEASING = YES;
				CLANG_WARN_BOOL_CONVERSION = YES;
				CLANG_WARN_COMMA = YES;
				CLANG_WARN_CONSTANT_CONVERSION = YES;
				CLANG_WARN_DEPRECATED_OBJC_IMPLEMENTATIONS = YES;
				CLANG_WARN_DIRECT_OBJC_ISA_USAGE = YES_ERROR;
				CLANG_WARN_DOCUMENTATION_COMMENTS = YES;
				CLANG_WARN_EMPTY_BODY = YES;
				CLANG_WARN_ENUM_CONVERSION = YES;
				CLANG_WARN_INFINITE_RECURSION = YES;
				CLANG_WARN_INT_CONVERSION = YES;
				CLANG_WARN_NON_LITERAL_NULL_CONVERSION = YES;
				CLANG_WARN_OBJC_IMPLICIT_RETAIN_SELF = YES;
				CLANG_WARN_OBJC_LITERAL_CONVERSION = YES;
				CLANG_WARN_OBJC_ROOT_CLASS = YES_ERROR;
				CLANG_WARN_RANGE_LOOP_ANALYSIS = YES;
				CLANG_WARN_STRICT_PROTOTYPES = YES;
				CLANG_WARN_SUSPICIOUS_MOVE = YES;
				CLANG_WARN_UNGUARDED_AVAILABILITY = YES_AGGRESSIVE;
				CLANG_WARN_UNREACHABLE_CODE = YES;
				CLANG_WARN__DUPLICATE_METHOD_MATCH = YES;
				CODE_SIGN_IDENTITY = "iPhone Developer";
				COPY_PHASE_STRIP = NO;
				DEBUG_INFORMATION_FORMAT = dwarf;
				ENABLE_STRICT_OBJC_MSGSEND = YES;
				ENABLE_TESTABILITY = YES;
				GCC_C_LANGUAGE_STANDARD = gnu11;
				GCC_DYNAMIC_NO_PIC = NO;
				GCC_NO_COMMON_BLOCKS = YES;
				GCC_OPTIMIZATION_LEVEL = 0;
				GCC_PREPROCESSOR_DEFINITIONS = (
					"DEBUG=1",
					"$(inherited)",
				);
				GCC_WARN_64_TO_32_BIT_CONVERSION = YES;
				GCC_WARN_ABOUT_RETURN_TYPE = YES_ERROR;
				GCC_WARN_UNDECLARED_SELECTOR = YES;
				GCC_WARN_UNINITIALIZED_AUTOS = YES_AGGRESSIVE;
				GCC_WARN_UNUSED_FUNCTION = YES;
				GCC_WARN_UNUSED_VARIABLE = YES;
				IPHONEOS_DEPLOYMENT_TARGET = 12.1;
				MTL_ENABLE_DEBUG_INFO = INCLUDE_SOURCE;
				MTL_FAST_MATH = YES;
				ONLY_ACTIVE_ARCH = YES;
				SDKROOT = iphoneos;
				SWIFT_ACTIVE_COMPILATION_CONDITIONS = DEBUG;
				SWIFT_OPTIMIZATION_LEVEL = "-Onone";
			};
			name = Debug;
		};
		CB25E1E621F18361004FAB01 /* Release */ = {
			isa = XCBuildConfiguration;
			buildSettings = {
				ALWAYS_SEARCH_USER_PATHS = NO;
				CLANG_ANALYZER_NONNULL = YES;
				CLANG_ANALYZER_NUMBER_OBJECT_CONVERSION = YES_AGGRESSIVE;
				CLANG_CXX_LANGUAGE_STANDARD = "gnu++14";
				CLANG_CXX_LIBRARY = "libc++";
				CLANG_ENABLE_MODULES = YES;
				CLANG_ENABLE_OBJC_ARC = YES;
				CLANG_ENABLE_OBJC_WEAK = YES;
				CLANG_WARN_BLOCK_CAPTURE_AUTORELEASING = YES;
				CLANG_WARN_BOOL_CONVERSION = YES;
				CLANG_WARN_COMMA = YES;
				CLANG_WARN_CONSTANT_CONVERSION = YES;
				CLANG_WARN_DEPRECATED_OBJC_IMPLEMENTATIONS = YES;
				CLANG_WARN_DIRECT_OBJC_ISA_USAGE = YES_ERROR;
				CLANG_WARN_DOCUMENTATION_COMMENTS = YES;
				CLANG_WARN_EMPTY_BODY = YES;
				CLANG_WARN_ENUM_CONVERSION = YES;
				CLANG_WARN_INFINITE_RECURSION = YES;
				CLANG_WARN_INT_CONVERSION = YES;
				CLANG_WARN_NON_LITERAL_NULL_CONVERSION = YES;
				CLANG_WARN_OBJC_IMPLICIT_RETAIN_SELF = YES;
				CLANG_WARN_OBJC_LITERAL_CONVERSION = YES;
				CLANG_WARN_OBJC_ROOT_CLASS = YES_ERROR;
				CLANG_WARN_RANGE_LOOP_ANALYSIS = YES;
				CLANG_WARN_STRICT_PROTOTYPES = YES;
				CLANG_WARN_SUSPICIOUS_MOVE = YES;
				CLANG_WARN_UNGUARDED_AVAILABILITY = YES_AGGRESSIVE;
				CLANG_WARN_UNREACHABLE_CODE = YES;
				CLANG_WARN__DUPLICATE_METHOD_MATCH = YES;
				CODE_SIGN_IDENTITY = "iPhone Developer";
				COPY_PHASE_STRIP = NO;
				DEBUG_INFORMATION_FORMAT = "dwarf-with-dsym";
				ENABLE_NS_ASSERTIONS = NO;
				ENABLE_STRICT_OBJC_MSGSEND = YES;
				GCC_C_LANGUAGE_STANDARD = gnu11;
				GCC_NO_COMMON_BLOCKS = YES;
				GCC_WARN_64_TO_32_BIT_CONVERSION = YES;
				GCC_WARN_ABOUT_RETURN_TYPE = YES_ERROR;
				GCC_WARN_UNDECLARED_SELECTOR = YES;
				GCC_WARN_UNINITIALIZED_AUTOS = YES_AGGRESSIVE;
				GCC_WARN_UNUSED_FUNCTION = YES;
				GCC_WARN_UNUSED_VARIABLE = YES;
				IPHONEOS_DEPLOYMENT_TARGET = 12.1;
				MTL_ENABLE_DEBUG_INFO = NO;
				MTL_FAST_MATH = YES;
				SDKROOT = iphoneos;
				SWIFT_COMPILATION_MODE = wholemodule;
				SWIFT_OPTIMIZATION_LEVEL = "-O";
				VALIDATE_PRODUCT = YES;
			};
			name = Release;
		};
		CB25E1E821F18361004FAB01 /* Debug */ = {
			isa = XCBuildConfiguration;
			baseConfigurationReference = 85BB95AABB3EBE3354683584 /* Pods-TestTravisCI.debug.xcconfig */;
			buildSettings = {
				ASSETCATALOG_COMPILER_APPICON_NAME = AppIcon;
				CODE_SIGN_STYLE = Automatic;
				INFOPLIST_FILE = TestTravisCI/Info.plist;
				LD_RUNPATH_SEARCH_PATHS = (
					"$(inherited)",
					"@executable_path/Frameworks",
				);
				PRODUCT_BUNDLE_IDENTIFIER = ToToTo.TestTravisCI;
				PRODUCT_NAME = "$(TARGET_NAME)";
				SWIFT_VERSION = 4.2;
				TARGETED_DEVICE_FAMILY = "1,2";
			};
			name = Debug;
		};
		CB25E1E921F18361004FAB01 /* Release */ = {
			isa = XCBuildConfiguration;
			baseConfigurationReference = C89A86FBB4BCE3E117A65DE3 /* Pods-TestTravisCI.release.xcconfig */;
			buildSettings = {
				ASSETCATALOG_COMPILER_APPICON_NAME = AppIcon;
				CODE_SIGN_STYLE = Automatic;
				INFOPLIST_FILE = TestTravisCI/Info.plist;
				LD_RUNPATH_SEARCH_PATHS = (
					"$(inherited)",
					"@executable_path/Frameworks",
				);
				PRODUCT_BUNDLE_IDENTIFIER = ToToTo.TestTravisCI;
				PRODUCT_NAME = "$(TARGET_NAME)";
				SWIFT_VERSION = 4.2;
				TARGETED_DEVICE_FAMILY = "1,2";
			};
			name = Release;
		};
		CB25E1EB21F18361004FAB01 /* Debug */ = {
			isa = XCBuildConfiguration;
			baseConfigurationReference = EBD412B93113DCD4158A37B4 /* Pods-TestTravisCITests.debug.xcconfig */;
			buildSettings = {
				ALWAYS_EMBED_SWIFT_STANDARD_LIBRARIES = YES;
				BUNDLE_LOADER = "$(TEST_HOST)";
				CODE_SIGN_STYLE = Automatic;
				INFOPLIST_FILE = TestTravisCITests/Info.plist;
				LD_RUNPATH_SEARCH_PATHS = (
					"$(inherited)",
					"@executable_path/Frameworks",
					"@loader_path/Frameworks",
				);
				PRODUCT_BUNDLE_IDENTIFIER = ToToTo.TestTravisCITests;
				PRODUCT_NAME = "$(TARGET_NAME)";
				SWIFT_VERSION = 4.2;
				TARGETED_DEVICE_FAMILY = "1,2";
				TEST_HOST = "$(BUILT_PRODUCTS_DIR)/TestTravisCI.app/TestTravisCI";
			};
			name = Debug;
		};
		CB25E1EC21F18361004FAB01 /* Release */ = {
			isa = XCBuildConfiguration;
			baseConfigurationReference = FF162DB7675311484CB1F238 /* Pods-TestTravisCITests.release.xcconfig */;
			buildSettings = {
				ALWAYS_EMBED_SWIFT_STANDARD_LIBRARIES = YES;
				BUNDLE_LOADER = "$(TEST_HOST)";
				CODE_SIGN_STYLE = Automatic;
				INFOPLIST_FILE = TestTravisCITests/Info.plist;
				LD_RUNPATH_SEARCH_PATHS = (
					"$(inherited)",
					"@executable_path/Frameworks",
					"@loader_path/Frameworks",
				);
				PRODUCT_BUNDLE_IDENTIFIER = ToToTo.TestTravisCITests;
				PRODUCT_NAME = "$(TARGET_NAME)";
				SWIFT_VERSION = 4.2;
				TARGETED_DEVICE_FAMILY = "1,2";
				TEST_HOST = "$(BUILT_PRODUCTS_DIR)/TestTravisCI.app/TestTravisCI";
			};
			name = Release;
		};
		CB25E1EE21F18361004FAB01 /* Debug */ = {
			isa = XCBuildConfiguration;
			baseConfigurationReference = D6EDDE8916F142A8FF920FE9 /* Pods-TestTravisCIUITests.debug.xcconfig */;
			buildSettings = {
				ALWAYS_EMBED_SWIFT_STANDARD_LIBRARIES = YES;
				CODE_SIGN_STYLE = Automatic;
				INFOPLIST_FILE = TestTravisCIUITests/Info.plist;
				LD_RUNPATH_SEARCH_PATHS = (
					"$(inherited)",
					"@executable_path/Frameworks",
					"@loader_path/Frameworks",
				);
				PRODUCT_BUNDLE_IDENTIFIER = ToToTo.TestTravisCIUITests;
				PRODUCT_NAME = "$(TARGET_NAME)";
				SWIFT_VERSION = 4.2;
				TARGETED_DEVICE_FAMILY = "1,2";
				TEST_TARGET_NAME = TestTravisCI;
			};
			name = Debug;
		};
		CB25E1EF21F18361004FAB01 /* Release */ = {
			isa = XCBuildConfiguration;
			baseConfigurationReference = ACEAB1FBF2CD6AA199072FCC /* Pods-TestTravisCIUITests.release.xcconfig */;
			buildSettings = {
				ALWAYS_EMBED_SWIFT_STANDARD_LIBRARIES = YES;
				CODE_SIGN_STYLE = Automatic;
				INFOPLIST_FILE = TestTravisCIUITests/Info.plist;
				LD_RUNPATH_SEARCH_PATHS = (
					"$(inherited)",
					"@executable_path/Frameworks",
					"@loader_path/Frameworks",
				);
				PRODUCT_BUNDLE_IDENTIFIER = ToToTo.TestTravisCIUITests;
				PRODUCT_NAME = "$(TARGET_NAME)";
				SWIFT_VERSION = 4.2;
				TARGETED_DEVICE_FAMILY = "1,2";
				TEST_TARGET_NAME = TestTravisCI;
			};
			name = Release;
		};
/* End XCBuildConfiguration section */

/* Begin XCConfigurationList section */
		CB25E1B721F1835E004FAB01 /* Build configuration list for PBXProject "TestTravisCI" */ = {
			isa = XCConfigurationList;
			buildConfigurations = (
				CB25E1E521F18361004FAB01 /* Debug */,
				CB25E1E621F18361004FAB01 /* Release */,
			);
			defaultConfigurationIsVisible = 0;
			defaultConfigurationName = Release;
		};
		CB25E1E721F18361004FAB01 /* Build configuration list for PBXNativeTarget "TestTravisCI" */ = {
			isa = XCConfigurationList;
			buildConfigurations = (
				CB25E1E821F18361004FAB01 /* Debug */,
				CB25E1E921F18361004FAB01 /* Release */,
			);
			defaultConfigurationIsVisible = 0;
			defaultConfigurationName = Release;
		};
		CB25E1EA21F18361004FAB01 /* Build configuration list for PBXNativeTarget "TestTravisCITests" */ = {
			isa = XCConfigurationList;
			buildConfigurations = (
				CB25E1EB21F18361004FAB01 /* Debug */,
				CB25E1EC21F18361004FAB01 /* Release */,
			);
			defaultConfigurationIsVisible = 0;
			defaultConfigurationName = Release;
		};
		CB25E1ED21F18361004FAB01 /* Build configuration list for PBXNativeTarget "TestTravisCIUITests" */ = {
			isa = XCConfigurationList;
			buildConfigurations = (
				CB25E1EE21F18361004FAB01 /* Debug */,
				CB25E1EF21F18361004FAB01 /* Release */,
			);
			defaultConfigurationIsVisible = 0;
			defaultConfigurationName = Release;
		};
/* End XCConfigurationList section */

/* Begin XCVersionGroup section */
		CB25E1C621F1835E004FAB01 /* TestTravisCI.xcdatamodeld */ = {
			isa = XCVersionGroup;
			children = (
				CB25E1C721F1835E004FAB01 /* TestTravisCI.xcdatamodel */,
			);
			currentVersion = CB25E1C721F1835E004FAB01 /* TestTravisCI.xcdatamodel */;
			path = TestTravisCI.xcdatamodeld;
			sourceTree = "<group>";
			versionGroupType = wrapper.xcdatamodel;
		};
/* End XCVersionGroup section */
	};
	rootObject = CB25E1B421F1835E004FAB01 /* Project object */;
}
